
Microsoft Visual Studio Solution File, Format Version 12.00
# Visual Studio Version 17
VisualStudioVersion = 17.8.34525.116
MinimumVisualStudioVersion = 10.0.40219.1
Project("{FAE04EC0-301F-11D3-BF4B-00C04F79EFBC}") = "InvoiceMaker", "InvoiceMaker\InvoiceMaker.csproj", "{C5360AA9-3791-4F51-9488-84E39B02BDDB}"
EndProject
Global
	GlobalSection(SolutionConfigurationPlatforms) = preSolution
		Debug|Any CPU = Debug|Any CPU
		Release|Any CPU = Release|Any CPU
	EndGlobalSection
	GlobalSection(ProjectConfigurationPlatforms) = postSolution
		{C5360AA9-3791-4F51-9488-84E39B02BDDB}.Debug|Any CPU.ActiveCfg = Debug|Any CPU
		{C5360AA9-3791-4F51-9488-84E39B02BDDB}.Debug|Any CPU.Build.0 = Debug|Any CPU
		{C5360AA9-3791-4F51-9488-84E39B02BDDB}.Release|Any CPU.ActiveCfg = Release|Any CPU
		{C5360AA9-3791-4F51-9488-84E39B02BDDB}.Release|Any CPU.Build.0 = Release|Any CPU
	EndGlobalSection
	GlobalSection(SolutionProperties) = preSolution
		HideSolutionNode = FALSE
	EndGlobalSection
	GlobalSection(ExtensibilityGlobals) = postSolution
		SolutionGuid = {6B50F168-DCE3-4CCA-A72D-26AD9B3D1BB2}
	EndGlobalSection
EndGlobal
