
Microsoft Visual Studio Solution File, Format Version 12.00
# Visual Studio Version 17
VisualStudioVersion = 17.8.34525.116
MinimumVisualStudioVersion = 10.0.40219.1
Project("{FAE04EC0-301F-11D3-BF4B-00C04F79EFBC}") = "WildlifeTrackerSystem", "WildlifeTrackerSystem\WildlifeTrackerSystem.csproj", "{F041A0AD-D100-4BC5-9256-ACBC4F843AAE}"
EndProject
Global
	GlobalSection(SolutionConfigurationPlatforms) = preSolution
		Debug|Any CPU = Debug|Any CPU
		Release|Any CPU = Release|Any CPU
	EndGlobalSection
	GlobalSection(ProjectConfigurationPlatforms) = postSolution
		{F041A0AD-D100-4BC5-9256-ACBC4F843AAE}.Debug|Any CPU.ActiveCfg = Debug|Any CPU
		{F041A0AD-D100-4BC5-9256-ACBC4F843AAE}.Debug|Any CPU.Build.0 = Debug|Any CPU
		{F041A0AD-D100-4BC5-9256-ACBC4F843AAE}.Release|Any CPU.ActiveCfg = Release|Any CPU
		{F041A0AD-D100-4BC5-9256-ACBC4F843AAE}.Release|Any CPU.Build.0 = Release|Any CPU
	EndGlobalSection
	GlobalSection(SolutionProperties) = preSolution
		HideSolutionNode = FALSE
	EndGlobalSection
	GlobalSection(ExtensibilityGlobals) = postSolution
		SolutionGuid = {4B580082-98E2-4359-A1B2-03726139E760}
	EndGlobalSection
EndGlobal
