
Microsoft Visual Studio Solution File, Format Version 12.00
# Visual Studio Version 17
VisualStudioVersion = 17.3.32825.248
MinimumVisualStudioVersion = 10.0.40219.1
Project("{FAE04EC0-301F-11D3-BF4B-00C04F79EFBC}") = "ChangeMoneyConsole", "ChangeMoneyConsole\ChangeMoneyConsole.csproj", "{207CF2D0-1CD0-4375-9773-D13CBF70AB1B}"
EndProject
Project("{FAE04EC0-301F-11D3-BF4B-00C04F79EFBC}") = "ChangeMoneyConsole.UnitTests", "ChangeMoneyConsole.UnitTests\ChangeMoneyConsole.UnitTests.csproj", "{E50D0F9C-4C35-4F83-9E82-DF4EED9605C9}"
EndProject
Global
	GlobalSection(SolutionConfigurationPlatforms) = preSolution
		Debug|Any CPU = Debug|Any CPU
		Release|Any CPU = Release|Any CPU
	EndGlobalSection
	GlobalSection(ProjectConfigurationPlatforms) = postSolution
		{207CF2D0-1CD0-4375-9773-D13CBF70AB1B}.Debug|Any CPU.ActiveCfg = Debug|Any CPU
		{207CF2D0-1CD0-4375-9773-D13CBF70AB1B}.Debug|Any CPU.Build.0 = Debug|Any CPU
		{207CF2D0-1CD0-4375-9773-D13CBF70AB1B}.Release|Any CPU.ActiveCfg = Release|Any CPU
		{207CF2D0-1CD0-4375-9773-D13CBF70AB1B}.Release|Any CPU.Build.0 = Release|Any CPU
		{E50D0F9C-4C35-4F83-9E82-DF4EED9605C9}.Debug|Any CPU.ActiveCfg = Debug|Any CPU
		{E50D0F9C-4C35-4F83-9E82-DF4EED9605C9}.Debug|Any CPU.Build.0 = Debug|Any CPU
		{E50D0F9C-4C35-4F83-9E82-DF4EED9605C9}.Release|Any CPU.ActiveCfg = Release|Any CPU
		{E50D0F9C-4C35-4F83-9E82-DF4EED9605C9}.Release|Any CPU.Build.0 = Release|Any CPU
	EndGlobalSection
	GlobalSection(SolutionProperties) = preSolution
		HideSolutionNode = FALSE
	EndGlobalSection
	GlobalSection(ExtensibilityGlobals) = postSolution
		SolutionGuid = {88344231-DEB1-4419-B25D-BACFA1CDC078}
	EndGlobalSection
EndGlobal
